
Microsoft Visual Studio Solution File, Format Version 12.00
# Visual Studio 15
VisualStudioVersion = 15.0.28307.136
MinimumVisualStudioVersion = 10.0.40219.1
Project("{FAE04EC0-301F-11D3-BF4B-00C04F79EFBC}") = "Sitecore.LogAnalyzer.MemoryDiagnostics.Connector", "src\Sitecore.LogAnalyzer.MemoryDiagnostics.Connector\Sitecore.LogAnalyzer.MemoryDiagnostics.Connector.csproj", "{4B865D1F-2443-4E81-907D-71F7F89482FD}"
EndProject
Project("{FAE04EC0-301F-11D3-BF4B-00C04F79EFBC}") = "Sitecore.LogAnalyzer.MemoryDiagnostics.CallstackGrouper", "src\Sitecore.LogAnalyzer.MemoryDiagnostics.CallstackGrouper\Sitecore.LogAnalyzer.MemoryDiagnostics.CallstackGrouper.csproj", "{6BBA0444-BC86-486F-82E0-44DCAF36C22E}"
Project("{FAE04EC0-301F-11D3-BF4B-00C04F79EFBC}") = "Sitecore.LogAnalyzer.MemoryDiagnostics.ObjectPrinter", "src\Sitecore.LogAnalyzer.MemoryDiagnostics.ObjectPrinter\Sitecore.LogAnalyzer.MemoryDiagnostics.ObjectPrinter.csproj", "{9BA15756-719B-44BA-91A9-CD74FD76608B}"
EndProject
Global
	GlobalSection(SolutionConfigurationPlatforms) = preSolution
		Debug|Any CPU = Debug|Any CPU
		Release|Any CPU = Release|Any CPU
	EndGlobalSection
	GlobalSection(ProjectConfigurationPlatforms) = postSolution
		{4B865D1F-2443-4E81-907D-71F7F89482FD}.Debug|Any CPU.ActiveCfg = Debug|Any CPU
		{4B865D1F-2443-4E81-907D-71F7F89482FD}.Debug|Any CPU.Build.0 = Debug|Any CPU
		{4B865D1F-2443-4E81-907D-71F7F89482FD}.Release|Any CPU.ActiveCfg = Release|Any CPU
		{4B865D1F-2443-4E81-907D-71F7F89482FD}.Release|Any CPU.Build.0 = Release|Any CPU
		{6BBA0444-BC86-486F-82E0-44DCAF36C22E}.Debug|Any CPU.ActiveCfg = Debug|Any CPU
		{6BBA0444-BC86-486F-82E0-44DCAF36C22E}.Debug|Any CPU.Build.0 = Debug|Any CPU
		{6BBA0444-BC86-486F-82E0-44DCAF36C22E}.Release|Any CPU.ActiveCfg = Release|Any CPU
		{6BBA0444-BC86-486F-82E0-44DCAF36C22E}.Release|Any CPU.Build.0 = Release|Any CPU
		{9BA15756-719B-44BA-91A9-CD74FD76608B}.Debug|Any CPU.ActiveCfg = Debug|Any CPU
		{9BA15756-719B-44BA-91A9-CD74FD76608B}.Debug|Any CPU.Build.0 = Debug|Any CPU
		{9BA15756-719B-44BA-91A9-CD74FD76608B}.Release|Any CPU.ActiveCfg = Release|Any CPU
		{9BA15756-719B-44BA-91A9-CD74FD76608B}.Release|Any CPU.Build.0 = Release|Any CPU
	EndGlobalSection
	GlobalSection(SolutionProperties) = preSolution
		HideSolutionNode = FALSE
	EndGlobalSection
	GlobalSection(ExtensibilityGlobals) = postSolution
		SolutionGuid = {87EAE8A7-BBDF-456D-BF7E-8980DE42FF1F}
	EndGlobalSection
EndGlobal
